// !$*UTF8*$!
{
	archiveVersion = 1;
	classes = {
	};
	objectVersion = 46;
	objects = {

/* Begin PBXBuildFile section */
		9261EEB25B29AF6DEA532F4A /* Pods_DatingAppTests.framework in Frameworks */ = {isa = PBXBuildFile; fileRef = D22D9DFA6C8F25F73D7D0D1A /* Pods_DatingAppTests.framework */; };
		A42D67ED1DB85EF800A8A2AE /* AppDelegate.swift in Sources */ = {isa = PBXBuildFile; fileRef = A42D67EC1DB85EF800A8A2AE /* AppDelegate.swift */; };
		A42D67EF1DB85EF800A8A2AE /* SignUpViewController.swift in Sources */ = {isa = PBXBuildFile; fileRef = A42D67EE1DB85EF800A8A2AE /* SignUpViewController.swift */; };
		A42D67F21DB85EF800A8A2AE /* Main.storyboard in Resources */ = {isa = PBXBuildFile; fileRef = A42D67F01DB85EF800A8A2AE /* Main.storyboard */; };
		A42D67F41DB85EF800A8A2AE /* Assets.xcassets in Resources */ = {isa = PBXBuildFile; fileRef = A42D67F31DB85EF800A8A2AE /* Assets.xcassets */; };
		A42D67F71DB85EF800A8A2AE /* LaunchScreen.storyboard in Resources */ = {isa = PBXBuildFile; fileRef = A42D67F51DB85EF800A8A2AE /* LaunchScreen.storyboard */; };
		A42D68021DB85EF800A8A2AE /* DatingAppTests.swift in Sources */ = {isa = PBXBuildFile; fileRef = A42D68011DB85EF800A8A2AE /* DatingAppTests.swift */; };
		A42D680D1DB85EF800A8A2AE /* DatingAppUITests.swift in Sources */ = {isa = PBXBuildFile; fileRef = A42D680C1DB85EF800A8A2AE /* DatingAppUITests.swift */; };
		A42D681D1DB8620B00A8A2AE /* SignInViewController.swift in Sources */ = {isa = PBXBuildFile; fileRef = A42D681C1DB8620B00A8A2AE /* SignInViewController.swift */; };
		A42D681F1DB8656E00A8A2AE /* ProfilePageViewController.swift in Sources */ = {isa = PBXBuildFile; fileRef = A42D681E1DB8656E00A8A2AE /* ProfilePageViewController.swift */; };
		A42D68211DB866DC00A8A2AE /* User.swift in Sources */ = {isa = PBXBuildFile; fileRef = A42D68201DB866DC00A8A2AE /* User.swift */; };
		A42D68231DB868B900A8A2AE /* DataService.swift in Sources */ = {isa = PBXBuildFile; fileRef = A42D68221DB868B900A8A2AE /* DataService.swift */; };
		A42D68271DB86CFC00A8A2AE /* GoogleService-Info.plist in Resources */ = {isa = PBXBuildFile; fileRef = A42D68261DB86CFC00A8A2AE /* GoogleService-Info.plist */; };
		A42D68361DB88E7100A8A2AE /* FindFriendsViewController.swift in Sources */ = {isa = PBXBuildFile; fileRef = A42D68351DB88E7100A8A2AE /* FindFriendsViewController.swift */; };
		A42D68381DB89F9700A8A2AE /* ListTableViewCell.swift in Sources */ = {isa = PBXBuildFile; fileRef = A42D68371DB89F9700A8A2AE /* ListTableViewCell.swift */; };
		A4DA56E61DB8B12D007A946C /* FindPartnerViewController.swift in Sources */ = {isa = PBXBuildFile; fileRef = A4DA56E51DB8B12D007A946C /* FindPartnerViewController.swift */; };
		A4DA56F01DB8B570007A946C /* MatchPartner.swift in Sources */ = {isa = PBXBuildFile; fileRef = A4DA56EE1DB8B570007A946C /* MatchPartner.swift */; };
		A4DA56F11DB8B570007A946C /* MatchPartner.xib in Resources */ = {isa = PBXBuildFile; fileRef = A4DA56EF1DB8B570007A946C /* MatchPartner.xib */; };
		A4DA56F31DB8C6E6007A946C /* UsersViewController.swift in Sources */ = {isa = PBXBuildFile; fileRef = A4DA56F21DB8C6E6007A946C /* UsersViewController.swift */; };
		B6D4E1096218B9C24153E5F1 /* Pods_DatingApp.framework in Frameworks */ = {isa = PBXBuildFile; fileRef = BC41AB4A2DB2756EA4358D3C /* Pods_DatingApp.framework */; };
		FB5D152038B732759C34DF7D /* Pods_DatingAppUITests.framework in Frameworks */ = {isa = PBXBuildFile; fileRef = 04D0261B5D166AB2CC2E4BCC /* Pods_DatingAppUITests.framework */; };
/* End PBXBuildFile section */

/* Begin PBXContainerItemProxy section */
		A42D67FE1DB85EF800A8A2AE /* PBXContainerItemProxy */ = {
			isa = PBXContainerItemProxy;
			containerPortal = A42D67E11DB85EF800A8A2AE /* Project object */;
			proxyType = 1;
			remoteGlobalIDString = A42D67E81DB85EF800A8A2AE;
			remoteInfo = DatingApp;
		};
		A42D68091DB85EF800A8A2AE /* PBXContainerItemProxy */ = {
			isa = PBXContainerItemProxy;
			containerPortal = A42D67E11DB85EF800A8A2AE /* Project object */;
			proxyType = 1;
			remoteGlobalIDString = A42D67E81DB85EF800A8A2AE;
			remoteInfo = DatingApp;
		};
/* End PBXContainerItemProxy section */

/* Begin PBXFileReference section */
		04D0261B5D166AB2CC2E4BCC /* Pods_DatingAppUITests.framework */ = {isa = PBXFileReference; explicitFileType = wrapper.framework; includeInIndex = 0; path = Pods_DatingAppUITests.framework; sourceTree = BUILT_PRODUCTS_DIR; };
		15314F702263C26074157FDB /* Pods-DatingAppTests.debug.xcconfig */ = {isa = PBXFileReference; includeInIndex = 1; lastKnownFileType = text.xcconfig; name = "Pods-DatingAppTests.debug.xcconfig"; path = "Pods/Target Support Files/Pods-DatingAppTests/Pods-DatingAppTests.debug.xcconfig"; sourceTree = "<group>"; };
		1BCBF433F4F9A553F11D3F62 /* Pods-DatingAppUITests.release.xcconfig */ = {isa = PBXFileReference; includeInIndex = 1; lastKnownFileType = text.xcconfig; name = "Pods-DatingAppUITests.release.xcconfig"; path = "Pods/Target Support Files/Pods-DatingAppUITests/Pods-DatingAppUITests.release.xcconfig"; sourceTree = "<group>"; };
		44665E14A2B43FAA872E266C /* Pods-DatingAppUITests.debug.xcconfig */ = {isa = PBXFileReference; includeInIndex = 1; lastKnownFileType = text.xcconfig; name = "Pods-DatingAppUITests.debug.xcconfig"; path = "Pods/Target Support Files/Pods-DatingAppUITests/Pods-DatingAppUITests.debug.xcconfig"; sourceTree = "<group>"; };
		87EE90747E2983F2CA5E081F /* Pods-DatingApp.release.xcconfig */ = {isa = PBXFileReference; includeInIndex = 1; lastKnownFileType = text.xcconfig; name = "Pods-DatingApp.release.xcconfig"; path = "Pods/Target Support Files/Pods-DatingApp/Pods-DatingApp.release.xcconfig"; sourceTree = "<group>"; };
		9CB3EE620BD0E4BA277E425A /* Pods-DatingApp.debug.xcconfig */ = {isa = PBXFileReference; includeInIndex = 1; lastKnownFileType = text.xcconfig; name = "Pods-DatingApp.debug.xcconfig"; path = "Pods/Target Support Files/Pods-DatingApp/Pods-DatingApp.debug.xcconfig"; sourceTree = "<group>"; };
		A42D67E91DB85EF800A8A2AE /* DatingApp.app */ = {isa = PBXFileReference; explicitFileType = wrapper.application; includeInIndex = 0; path = DatingApp.app; sourceTree = BUILT_PRODUCTS_DIR; };
		A42D67EC1DB85EF800A8A2AE /* AppDelegate.swift */ = {isa = PBXFileReference; lastKnownFileType = sourcecode.swift; path = AppDelegate.swift; sourceTree = "<group>"; };
		A42D67EE1DB85EF800A8A2AE /* SignUpViewController.swift */ = {isa = PBXFileReference; lastKnownFileType = sourcecode.swift; path = SignUpViewController.swift; sourceTree = "<group>"; };
		A42D67F11DB85EF800A8A2AE /* Base */ = {isa = PBXFileReference; lastKnownFileType = file.storyboard; name = Base; path = Base.lproj/Main.storyboard; sourceTree = "<group>"; };
		A42D67F31DB85EF800A8A2AE /* Assets.xcassets */ = {isa = PBXFileReference; lastKnownFileType = folder.assetcatalog; path = Assets.xcassets; sourceTree = "<group>"; };
		A42D67F61DB85EF800A8A2AE /* Base */ = {isa = PBXFileReference; lastKnownFileType = file.storyboard; name = Base; path = Base.lproj/LaunchScreen.storyboard; sourceTree = "<group>"; };
		A42D67F81DB85EF800A8A2AE /* Info.plist */ = {isa = PBXFileReference; lastKnownFileType = text.plist.xml; path = Info.plist; sourceTree = "<group>"; };
		A42D67FD1DB85EF800A8A2AE /* DatingAppTests.xctest */ = {isa = PBXFileReference; explicitFileType = wrapper.cfbundle; includeInIndex = 0; path = DatingAppTests.xctest; sourceTree = BUILT_PRODUCTS_DIR; };
		A42D68011DB85EF800A8A2AE /* DatingAppTests.swift */ = {isa = PBXFileReference; lastKnownFileType = sourcecode.swift; path = DatingAppTests.swift; sourceTree = "<group>"; };
		A42D68031DB85EF800A8A2AE /* Info.plist */ = {isa = PBXFileReference; lastKnownFileType = text.plist.xml; path = Info.plist; sourceTree = "<group>"; };
		A42D68081DB85EF800A8A2AE /* DatingAppUITests.xctest */ = {isa = PBXFileReference; explicitFileType = wrapper.cfbundle; includeInIndex = 0; path = DatingAppUITests.xctest; sourceTree = BUILT_PRODUCTS_DIR; };
		A42D680C1DB85EF800A8A2AE /* DatingAppUITests.swift */ = {isa = PBXFileReference; lastKnownFileType = sourcecode.swift; path = DatingAppUITests.swift; sourceTree = "<group>"; };
		A42D680E1DB85EF800A8A2AE /* Info.plist */ = {isa = PBXFileReference; lastKnownFileType = text.plist.xml; path = Info.plist; sourceTree = "<group>"; };
		A42D681C1DB8620B00A8A2AE /* SignInViewController.swift */ = {isa = PBXFileReference; fileEncoding = 4; lastKnownFileType = sourcecode.swift; path = SignInViewController.swift; sourceTree = "<group>"; };
		A42D681E1DB8656E00A8A2AE /* ProfilePageViewController.swift */ = {isa = PBXFileReference; fileEncoding = 4; lastKnownFileType = sourcecode.swift; path = ProfilePageViewController.swift; sourceTree = "<group>"; };
		A42D68201DB866DC00A8A2AE /* User.swift */ = {isa = PBXFileReference; fileEncoding = 4; lastKnownFileType = sourcecode.swift; path = User.swift; sourceTree = "<group>"; };
		A42D68221DB868B900A8A2AE /* DataService.swift */ = {isa = PBXFileReference; fileEncoding = 4; lastKnownFileType = sourcecode.swift; path = DataService.swift; sourceTree = "<group>"; };
		A42D68261DB86CFC00A8A2AE /* GoogleService-Info.plist */ = {isa = PBXFileReference; fileEncoding = 4; lastKnownFileType = text.plist.xml; path = "GoogleService-Info.plist"; sourceTree = "<group>"; };
		A42D68351DB88E7100A8A2AE /* FindFriendsViewController.swift */ = {isa = PBXFileReference; fileEncoding = 4; lastKnownFileType = sourcecode.swift; path = FindFriendsViewController.swift; sourceTree = "<group>"; };
		A42D68371DB89F9700A8A2AE /* ListTableViewCell.swift */ = {isa = PBXFileReference; fileEncoding = 4; lastKnownFileType = sourcecode.swift; path = ListTableViewCell.swift; sourceTree = "<group>"; };
		A4DA56E51DB8B12D007A946C /* FindPartnerViewController.swift */ = {isa = PBXFileReference; fileEncoding = 4; lastKnownFileType = sourcecode.swift; path = FindPartnerViewController.swift; sourceTree = "<group>"; };
		A4DA56EE1DB8B570007A946C /* MatchPartner.swift */ = {isa = PBXFileReference; fileEncoding = 4; lastKnownFileType = sourcecode.swift; path = MatchPartner.swift; sourceTree = "<group>"; };
		A4DA56EF1DB8B570007A946C /* MatchPartner.xib */ = {isa = PBXFileReference; fileEncoding = 4; lastKnownFileType = file.xib; path = MatchPartner.xib; sourceTree = "<group>"; };
		A4DA56F21DB8C6E6007A946C /* UsersViewController.swift */ = {isa = PBXFileReference; fileEncoding = 4; lastKnownFileType = sourcecode.swift; path = UsersViewController.swift; sourceTree = "<group>"; };
		BC41AB4A2DB2756EA4358D3C /* Pods_DatingApp.framework */ = {isa = PBXFileReference; explicitFileType = wrapper.framework; includeInIndex = 0; path = Pods_DatingApp.framework; sourceTree = BUILT_PRODUCTS_DIR; };
		CDC5ED2D35A5AE562AF18D29 /* Pods-DatingAppTests.release.xcconfig */ = {isa = PBXFileReference; includeInIndex = 1; lastKnownFileType = text.xcconfig; name = "Pods-DatingAppTests.release.xcconfig"; path = "Pods/Target Support Files/Pods-DatingAppTests/Pods-DatingAppTests.release.xcconfig"; sourceTree = "<group>"; };
		D22D9DFA6C8F25F73D7D0D1A /* Pods_DatingAppTests.framework */ = {isa = PBXFileReference; explicitFileType = wrapper.framework; includeInIndex = 0; path = Pods_DatingAppTests.framework; sourceTree = BUILT_PRODUCTS_DIR; };
/* End PBXFileReference section */

/* Begin PBXFrameworksBuildPhase section */
		A42D67E61DB85EF800A8A2AE /* Frameworks */ = {
			isa = PBXFrameworksBuildPhase;
			buildActionMask = 2147483647;
			files = (
				B6D4E1096218B9C24153E5F1 /* Pods_DatingApp.framework in Frameworks */,
			);
			runOnlyForDeploymentPostprocessing = 0;
		};
		A42D67FA1DB85EF800A8A2AE /* Frameworks */ = {
			isa = PBXFrameworksBuildPhase;
			buildActionMask = 2147483647;
			files = (
				9261EEB25B29AF6DEA532F4A /* Pods_DatingAppTests.framework in Frameworks */,
			);
			runOnlyForDeploymentPostprocessing = 0;
		};
		A42D68051DB85EF800A8A2AE /* Frameworks */ = {
			isa = PBXFrameworksBuildPhase;
			buildActionMask = 2147483647;
			files = (
				FB5D152038B732759C34DF7D /* Pods_DatingAppUITests.framework in Frameworks */,
			);
			runOnlyForDeploymentPostprocessing = 0;
		};
/* End PBXFrameworksBuildPhase section */

/* Begin PBXGroup section */
		97F4E67DAFC96EBC2B6F6A8F /* Pods */ = {
			isa = PBXGroup;
			children = (
				9CB3EE620BD0E4BA277E425A /* Pods-DatingApp.debug.xcconfig */,
				87EE90747E2983F2CA5E081F /* Pods-DatingApp.release.xcconfig */,
				15314F702263C26074157FDB /* Pods-DatingAppTests.debug.xcconfig */,
				CDC5ED2D35A5AE562AF18D29 /* Pods-DatingAppTests.release.xcconfig */,
				44665E14A2B43FAA872E266C /* Pods-DatingAppUITests.debug.xcconfig */,
				1BCBF433F4F9A553F11D3F62 /* Pods-DatingAppUITests.release.xcconfig */,
			);
			name = Pods;
			sourceTree = "<group>";
		};
		A42D67E01DB85EF800A8A2AE = {
			isa = PBXGroup;
			children = (
				A42D67EB1DB85EF800A8A2AE /* DatingApp */,
				A42D68001DB85EF800A8A2AE /* DatingAppTests */,
				A42D680B1DB85EF800A8A2AE /* DatingAppUITests */,
				A42D67EA1DB85EF800A8A2AE /* Products */,
				97F4E67DAFC96EBC2B6F6A8F /* Pods */,
				AA3853C96EE64B8B1FA40002 /* Frameworks */,
			);
			sourceTree = "<group>";
		};
		A42D67EA1DB85EF800A8A2AE /* Products */ = {
			isa = PBXGroup;
			children = (
				A42D67E91DB85EF800A8A2AE /* DatingApp.app */,
				A42D67FD1DB85EF800A8A2AE /* DatingAppTests.xctest */,
				A42D68081DB85EF800A8A2AE /* DatingAppUITests.xctest */,
			);
			name = Products;
			sourceTree = "<group>";
		};
		A42D67EB1DB85EF800A8A2AE /* DatingApp */ = {
			isa = PBXGroup;
			children = (
				A42D67EC1DB85EF800A8A2AE /* AppDelegate.swift */,
				A42D67EE1DB85EF800A8A2AE /* SignUpViewController.swift */,
				A42D681C1DB8620B00A8A2AE /* SignInViewController.swift */,
				A42D68201DB866DC00A8A2AE /* User.swift */,
				A42D67F01DB85EF800A8A2AE /* Main.storyboard */,
				A42D68371DB89F9700A8A2AE /* ListTableViewCell.swift */,
				A42D68351DB88E7100A8A2AE /* FindFriendsViewController.swift */,
				A4DA56E51DB8B12D007A946C /* FindPartnerViewController.swift */,
				A42D68221DB868B900A8A2AE /* DataService.swift */,
				A4DA56F21DB8C6E6007A946C /* UsersViewController.swift */,
				A42D681E1DB8656E00A8A2AE /* ProfilePageViewController.swift */,
				A4DA56EE1DB8B570007A946C /* MatchPartner.swift */,
				A4DA56EF1DB8B570007A946C /* MatchPartner.xib */,
				A42D67F31DB85EF800A8A2AE /* Assets.xcassets */,
				A42D68261DB86CFC00A8A2AE /* GoogleService-Info.plist */,
				A42D67F51DB85EF800A8A2AE /* LaunchScreen.storyboard */,
				A42D67F81DB85EF800A8A2AE /* Info.plist */,
			);
			path = DatingApp;
			sourceTree = "<group>";
		};
		A42D68001DB85EF800A8A2AE /* DatingAppTests */ = {
			isa = PBXGroup;
			children = (
				A42D68011DB85EF800A8A2AE /* DatingAppTests.swift */,
				A42D68031DB85EF800A8A2AE /* Info.plist */,
			);
			path = DatingAppTests;
			sourceTree = "<group>";
		};
		A42D680B1DB85EF800A8A2AE /* DatingAppUITests */ = {
			isa = PBXGroup;
			children = (
				A42D680C1DB85EF800A8A2AE /* DatingAppUITests.swift */,
				A42D680E1DB85EF800A8A2AE /* Info.plist */,
			);
			path = DatingAppUITests;
			sourceTree = "<group>";
		};
		AA3853C96EE64B8B1FA40002 /* Frameworks */ = {
			isa = PBXGroup;
			children = (
				BC41AB4A2DB2756EA4358D3C /* Pods_DatingApp.framework */,
				D22D9DFA6C8F25F73D7D0D1A /* Pods_DatingAppTests.framework */,
				04D0261B5D166AB2CC2E4BCC /* Pods_DatingAppUITests.framework */,
			);
			name = Frameworks;
			sourceTree = "<group>";
		};
/* End PBXGroup section */

/* Begin PBXNativeTarget section */
		A42D67E81DB85EF800A8A2AE /* DatingApp */ = {
			isa = PBXNativeTarget;
			buildConfigurationList = A42D68111DB85EF800A8A2AE /* Build configuration list for PBXNativeTarget "DatingApp" */;
			buildPhases = (
				A6C83B5607E52BE96ADC82AA /* [CP] Check Pods Manifest.lock */,
				A42D67E51DB85EF800A8A2AE /* Sources */,
				A42D67E61DB85EF800A8A2AE /* Frameworks */,
				A42D67E71DB85EF800A8A2AE /* Resources */,
				F380EBF8F2E76D360DD015BD /* [CP] Embed Pods Frameworks */,
				02D3CAED215DD953D41D8E78 /* [CP] Copy Pods Resources */,
			);
			buildRules = (
			);
			dependencies = (
			);
			name = DatingApp;
			productName = DatingApp;
			productReference = A42D67E91DB85EF800A8A2AE /* DatingApp.app */;
			productType = "com.apple.product-type.application";
		};
		A42D67FC1DB85EF800A8A2AE /* DatingAppTests */ = {
			isa = PBXNativeTarget;
			buildConfigurationList = A42D68141DB85EF800A8A2AE /* Build configuration list for PBXNativeTarget "DatingAppTests" */;
			buildPhases = (
				45DD425130A5E2CA1BDB02CE /* [CP] Check Pods Manifest.lock */,
				A42D67F91DB85EF800A8A2AE /* Sources */,
				A42D67FA1DB85EF800A8A2AE /* Frameworks */,
				A42D67FB1DB85EF800A8A2AE /* Resources */,
				35D63AF2AE7E57A0390BE3D7 /* [CP] Embed Pods Frameworks */,
				F79FFDA8BF0468C477304FA3 /* [CP] Copy Pods Resources */,
			);
			buildRules = (
			);
			dependencies = (
				A42D67FF1DB85EF800A8A2AE /* PBXTargetDependency */,
			);
			name = DatingAppTests;
			productName = DatingAppTests;
			productReference = A42D67FD1DB85EF800A8A2AE /* DatingAppTests.xctest */;
			productType = "com.apple.product-type.bundle.unit-test";
		};
		A42D68071DB85EF800A8A2AE /* DatingAppUITests */ = {
			isa = PBXNativeTarget;
			buildConfigurationList = A42D68171DB85EF800A8A2AE /* Build configuration list for PBXNativeTarget "DatingAppUITests" */;
			buildPhases = (
				6A48FA8F42F7D69C10C4197A /* [CP] Check Pods Manifest.lock */,
				A42D68041DB85EF800A8A2AE /* Sources */,
				A42D68051DB85EF800A8A2AE /* Frameworks */,
				A42D68061DB85EF800A8A2AE /* Resources */,
				1BA8679BC8C0F7E025AAEF9B /* [CP] Copy Pods Resources */,
			);
			buildRules = (
			);
			dependencies = (
				A42D680A1DB85EF800A8A2AE /* PBXTargetDependency */,
			);
			name = DatingAppUITests;
			productName = DatingAppUITests;
			productReference = A42D68081DB85EF800A8A2AE /* DatingAppUITests.xctest */;
			productType = "com.apple.product-type.bundle.ui-testing";
		};
/* End PBXNativeTarget section */

/* Begin PBXProject section */
		A42D67E11DB85EF800A8A2AE /* Project object */ = {
			isa = PBXProject;
			attributes = {
				LastSwiftUpdateCheck = 0730;
				LastUpgradeCheck = 0730;
				ORGANIZATIONNAME = "Bryan Lee";
				TargetAttributes = {
					A42D67E81DB85EF800A8A2AE = {
						CreatedOnToolsVersion = 7.3.1;
					};
					A42D67FC1DB85EF800A8A2AE = {
						CreatedOnToolsVersion = 7.3.1;
						TestTargetID = A42D67E81DB85EF800A8A2AE;
					};
					A42D68071DB85EF800A8A2AE = {
						CreatedOnToolsVersion = 7.3.1;
						TestTargetID = A42D67E81DB85EF800A8A2AE;
					};
				};
			};
			buildConfigurationList = A42D67E41DB85EF800A8A2AE /* Build configuration list for PBXProject "DatingApp" */;
			compatibilityVersion = "Xcode 3.2";
			developmentRegion = English;
			hasScannedForEncodings = 0;
			knownRegions = (
				en,
				Base,
			);
			mainGroup = A42D67E01DB85EF800A8A2AE;
			productRefGroup = A42D67EA1DB85EF800A8A2AE /* Products */;
			projectDirPath = "";
			projectRoot = "";
			targets = (
				A42D67E81DB85EF800A8A2AE /* DatingApp */,
				A42D67FC1DB85EF800A8A2AE /* DatingAppTests */,
				A42D68071DB85EF800A8A2AE /* DatingAppUITests */,
			);
		};
/* End PBXProject section */

/* Begin PBXResourcesBuildPhase section */
		A42D67E71DB85EF800A8A2AE /* Resources */ = {
			isa = PBXResourcesBuildPhase;
			buildActionMask = 2147483647;
			files = (
				A42D67F71DB85EF800A8A2AE /* LaunchScreen.storyboard in Resources */,
				A42D68271DB86CFC00A8A2AE /* GoogleService-Info.plist in Resources */,
				A42D67F41DB85EF800A8A2AE /* Assets.xcassets in Resources */,
				A42D67F21DB85EF800A8A2AE /* Main.storyboard in Resources */,
				A4DA56F11DB8B570007A946C /* MatchPartner.xib in Resources */,
			);
			runOnlyForDeploymentPostprocessing = 0;
		};
		A42D67FB1DB85EF800A8A2AE /* Resources */ = {
			isa = PBXResourcesBuildPhase;
			buildActionMask = 2147483647;
			files = (
			);
			runOnlyForDeploymentPostprocessing = 0;
		};
		A42D68061DB85EF800A8A2AE /* Resources */ = {
			isa = PBXResourcesBuildPhase;
			buildActionMask = 2147483647;
			files = (
			);
			runOnlyForDeploymentPostprocessing = 0;
		};
/* End PBXResourcesBuildPhase section */

/* Begin PBXShellScriptBuildPhase section */
		02D3CAED215DD953D41D8E78 /* [CP] Copy Pods Resources */ = {
			isa = PBXShellScriptBuildPhase;
			buildActionMask = 2147483647;
			files = (
			);
			inputPaths = (
			);
			name = "[CP] Copy Pods Resources";
			outputPaths = (
			);
			runOnlyForDeploymentPostprocessing = 0;
			shellPath = /bin/sh;
			shellScript = "\"${SRCROOT}/Pods/Target Support Files/Pods-DatingApp/Pods-DatingApp-resources.sh\"\n";
			showEnvVarsInLog = 0;
		};
		1BA8679BC8C0F7E025AAEF9B /* [CP] Copy Pods Resources */ = {
			isa = PBXShellScriptBuildPhase;
			buildActionMask = 2147483647;
			files = (
			);
			inputPaths = (
			);
			name = "[CP] Copy Pods Resources";
			outputPaths = (
			);
			runOnlyForDeploymentPostprocessing = 0;
			shellPath = /bin/sh;
			shellScript = "\"${SRCROOT}/Pods/Target Support Files/Pods-DatingAppUITests/Pods-DatingAppUITests-resources.sh\"\n";
			showEnvVarsInLog = 0;
		};
		35D63AF2AE7E57A0390BE3D7 /* [CP] Embed Pods Frameworks */ = {
			isa = PBXShellScriptBuildPhase;
			buildActionMask = 2147483647;
			files = (
			);
			inputPaths = (
			);
			name = "[CP] Embed Pods Frameworks";
			outputPaths = (
			);
			runOnlyForDeploymentPostprocessing = 0;
			shellPath = /bin/sh;
			shellScript = "\"${SRCROOT}/Pods/Target Support Files/Pods-DatingAppTests/Pods-DatingAppTests-frameworks.sh\"\n";
			showEnvVarsInLog = 0;
		};
		45DD425130A5E2CA1BDB02CE /* [CP] Check Pods Manifest.lock */ = {
			isa = PBXShellScriptBuildPhase;
			buildActionMask = 2147483647;
			files = (
			);
			inputPaths = (
			);
			name = "[CP] Check Pods Manifest.lock";
			outputPaths = (
			);
			runOnlyForDeploymentPostprocessing = 0;
			shellPath = /bin/sh;
			shellScript = "diff \"${PODS_ROOT}/../Podfile.lock\" \"${PODS_ROOT}/Manifest.lock\" > /dev/null\nif [[ $? != 0 ]] ; then\n    cat << EOM\nerror: The sandbox is not in sync with the Podfile.lock. Run 'pod install' or update your CocoaPods installation.\nEOM\n    exit 1\nfi\n";
			showEnvVarsInLog = 0;
		};
		6A48FA8F42F7D69C10C4197A /* [CP] Check Pods Manifest.lock */ = {
			isa = PBXShellScriptBuildPhase;
			buildActionMask = 2147483647;
			files = (
			);
			inputPaths = (
			);
			name = "[CP] Check Pods Manifest.lock";
			outputPaths = (
			);
			runOnlyForDeploymentPostprocessing = 0;
			shellPath = /bin/sh;
			shellScript = "diff \"${PODS_ROOT}/../Podfile.lock\" \"${PODS_ROOT}/Manifest.lock\" > /dev/null\nif [[ $? != 0 ]] ; then\n    cat << EOM\nerror: The sandbox is not in sync with the Podfile.lock. Run 'pod install' or update your CocoaPods installation.\nEOM\n    exit 1\nfi\n";
			showEnvVarsInLog = 0;
		};
		A6C83B5607E52BE96ADC82AA /* [CP] Check Pods Manifest.lock */ = {
			isa = PBXShellScriptBuildPhase;
			buildActionMask = 2147483647;
			files = (
			);
			inputPaths = (
			);
			name = "[CP] Check Pods Manifest.lock";
			outputPaths = (
			);
			runOnlyForDeploymentPostprocessing = 0;
			shellPath = /bin/sh;
			shellScript = "diff \"${PODS_ROOT}/../Podfile.lock\" \"${PODS_ROOT}/Manifest.lock\" > /dev/null\nif [[ $? != 0 ]] ; then\n    cat << EOM\nerror: The sandbox is not in sync with the Podfile.lock. Run 'pod install' or update your CocoaPods installation.\nEOM\n    exit 1\nfi\n";
			showEnvVarsInLog = 0;
		};
		F380EBF8F2E76D360DD015BD /* [CP] Embed Pods Frameworks */ = {
			isa = PBXShellScriptBuildPhase;
			buildActionMask = 2147483647;
			files = (
			);
			inputPaths = (
			);
			name = "[CP] Embed Pods Frameworks";
			outputPaths = (
			);
			runOnlyForDeploymentPostprocessing = 0;
			shellPath = /bin/sh;
			shellScript = "\"${SRCROOT}/Pods/Target Support Files/Pods-DatingApp/Pods-DatingApp-frameworks.sh\"\n";
			showEnvVarsInLog = 0;
		};
		F79FFDA8BF0468C477304FA3 /* [CP] Copy Pods Resources */ = {
			isa = PBXShellScriptBuildPhase;
			buildActionMask = 2147483647;
			files = (
			);
			inputPaths = (
			);
			name = "[CP] Copy Pods Resources";
			outputPaths = (
			);
			runOnlyForDeploymentPostprocessing = 0;
			shellPath = /bin/sh;
			shellScript = "\"${SRCROOT}/Pods/Target Support Files/Pods-DatingAppTests/Pods-DatingAppTests-resources.sh\"\n";
			showEnvVarsInLog = 0;
		};
/* End PBXShellScriptBuildPhase section */

/* Begin PBXSourcesBuildPhase section */
		A42D67E51DB85EF800A8A2AE /* Sources */ = {
			isa = PBXSourcesBuildPhase;
			buildActionMask = 2147483647;
			files = (
				A42D68361DB88E7100A8A2AE /* FindFriendsViewController.swift in Sources */,
				A4DA56F01DB8B570007A946C /* MatchPartner.swift in Sources */,
				A42D67EF1DB85EF800A8A2AE /* SignUpViewController.swift in Sources */,
				A4DA56F31DB8C6E6007A946C /* UsersViewController.swift in Sources */,
				A42D67ED1DB85EF800A8A2AE /* AppDelegate.swift in Sources */,
				A42D681D1DB8620B00A8A2AE /* SignInViewController.swift in Sources */,
				A42D68231DB868B900A8A2AE /* DataService.swift in Sources */,
				A42D68211DB866DC00A8A2AE /* User.swift in Sources */,
				A42D681F1DB8656E00A8A2AE /* ProfilePageViewController.swift in Sources */,
				A42D68381DB89F9700A8A2AE /* ListTableViewCell.swift in Sources */,
				A4DA56E61DB8B12D007A946C /* FindPartnerViewController.swift in Sources */,
			);
			runOnlyForDeploymentPostprocessing = 0;
		};
		A42D67F91DB85EF800A8A2AE /* Sources */ = {
			isa = PBXSourcesBuildPhase;
			buildActionMask = 2147483647;
			files = (
				A42D68021DB85EF800A8A2AE /* DatingAppTests.swift in Sources */,
			);
			runOnlyForDeploymentPostprocessing = 0;
		};
		A42D68041DB85EF800A8A2AE /* Sources */ = {
			isa = PBXSourcesBuildPhase;
			buildActionMask = 2147483647;
			files = (
				A42D680D1DB85EF800A8A2AE /* DatingAppUITests.swift in Sources */,
			);
			runOnlyForDeploymentPostprocessing = 0;
		};
/* End PBXSourcesBuildPhase section */

/* Begin PBXTargetDependency section */
		A42D67FF1DB85EF800A8A2AE /* PBXTargetDependency */ = {
			isa = PBXTargetDependency;
			target = A42D67E81DB85EF800A8A2AE /* DatingApp */;
			targetProxy = A42D67FE1DB85EF800A8A2AE /* PBXContainerItemProxy */;
		};
		A42D680A1DB85EF800A8A2AE /* PBXTargetDependency */ = {
			isa = PBXTargetDependency;
			target = A42D67E81DB85EF800A8A2AE /* DatingApp */;
			targetProxy = A42D68091DB85EF800A8A2AE /* PBXContainerItemProxy */;
		};
/* End PBXTargetDependency section */

/* Begin PBXVariantGroup section */
		A42D67F01DB85EF800A8A2AE /* Main.storyboard */ = {
			isa = PBXVariantGroup;
			children = (
				A42D67F11DB85EF800A8A2AE /* Base */,
			);
			name = Main.storyboard;
			sourceTree = "<group>";
		};
		A42D67F51DB85EF800A8A2AE /* LaunchScreen.storyboard */ = {
			isa = PBXVariantGroup;
			children = (
				A42D67F61DB85EF800A8A2AE /* Base */,
			);
			name = LaunchScreen.storyboard;
			sourceTree = "<group>";
		};
/* End PBXVariantGroup section */

/* Begin XCBuildConfiguration section */
		A42D680F1DB85EF800A8A2AE /* Debug */ = {
			isa = XCBuildConfiguration;
			buildSettings = {
				ALWAYS_SEARCH_USER_PATHS = NO;
				CLANG_ANALYZER_NONNULL = YES;
				CLANG_CXX_LANGUAGE_STANDARD = "gnu++0x";
				CLANG_CXX_LIBRARY = "libc++";
				CLANG_ENABLE_MODULES = YES;
				CLANG_ENABLE_OBJC_ARC = YES;
				CLANG_WARN_BOOL_CONVERSION = YES;
				CLANG_WARN_CONSTANT_CONVERSION = YES;
				CLANG_WARN_DIRECT_OBJC_ISA_USAGE = YES_ERROR;
				CLANG_WARN_EMPTY_BODY = YES;
				CLANG_WARN_ENUM_CONVERSION = YES;
				CLANG_WARN_INT_CONVERSION = YES;
				CLANG_WARN_OBJC_ROOT_CLASS = YES_ERROR;
				CLANG_WARN_UNREACHABLE_CODE = YES;
				CLANG_WARN__DUPLICATE_METHOD_MATCH = YES;
				"CODE_SIGN_IDENTITY[sdk=iphoneos*]" = "iPhone Developer";
				COPY_PHASE_STRIP = NO;
				DEBUG_INFORMATION_FORMAT = dwarf;
				ENABLE_STRICT_OBJC_MSGSEND = YES;
				ENABLE_TESTABILITY = YES;
				GCC_C_LANGUAGE_STANDARD = gnu99;
				GCC_DYNAMIC_NO_PIC = NO;
				GCC_NO_COMMON_BLOCKS = YES;
				GCC_OPTIMIZATION_LEVEL = 0;
				GCC_PREPROCESSOR_DEFINITIONS = (
					"DEBUG=1",
					"$(inherited)",
				);
				GCC_WARN_64_TO_32_BIT_CONVERSION = YES;
				GCC_WARN_ABOUT_RETURN_TYPE = YES_ERROR;
				GCC_WARN_UNDECLARED_SELECTOR = YES;
				GCC_WARN_UNINITIALIZED_AUTOS = YES_AGGRESSIVE;
				GCC_WARN_UNUSED_FUNCTION = YES;
				GCC_WARN_UNUSED_VARIABLE = YES;
				IPHONEOS_DEPLOYMENT_TARGET = 9.3;
				MTL_ENABLE_DEBUG_INFO = YES;
				ONLY_ACTIVE_ARCH = YES;
				SDKROOT = iphoneos;
				SWIFT_OPTIMIZATION_LEVEL = "-Onone";
				TARGETED_DEVICE_FAMILY = "1,2";
			};
			name = Debug;
		};
		A42D68101DB85EF800A8A2AE /* Release */ = {
			isa = XCBuildConfiguration;
			buildSettings = {
				ALWAYS_SEARCH_USER_PATHS = NO;
				CLANG_ANALYZER_NONNULL = YES;
				CLANG_CXX_LANGUAGE_STANDARD = "gnu++0x";
				CLANG_CXX_LIBRARY = "libc++";
				CLANG_ENABLE_MODULES = YES;
				CLANG_ENABLE_OBJC_ARC = YES;
				CLANG_WARN_BOOL_CONVERSION = YES;
				CLANG_WARN_CONSTANT_CONVERSION = YES;
				CLANG_WARN_DIRECT_OBJC_ISA_USAGE = YES_ERROR;
				CLANG_WARN_EMPTY_BODY = YES;
				CLANG_WARN_ENUM_CONVERSION = YES;
				CLANG_WARN_INT_CONVERSION = YES;
				CLANG_WARN_OBJC_ROOT_CLASS = YES_ERROR;
				CLANG_WARN_UNREACHABLE_CODE = YES;
				CLANG_WARN__DUPLICATE_METHOD_MATCH = YES;
				"CODE_SIGN_IDENTITY[sdk=iphoneos*]" = "iPhone Developer";
				COPY_PHASE_STRIP = NO;
				DEBUG_INFORMATION_FORMAT = "dwarf-with-dsym";
				ENABLE_NS_ASSERTIONS = NO;
				ENABLE_STRICT_OBJC_MSGSEND = YES;
				GCC_C_LANGUAGE_STANDARD = gnu99;
				GCC_NO_COMMON_BLOCKS = YES;
				GCC_WARN_64_TO_32_BIT_CONVERSION = YES;
				GCC_WARN_ABOUT_RETURN_TYPE = YES_ERROR;
				GCC_WARN_UNDECLARED_SELECTOR = YES;
				GCC_WARN_UNINITIALIZED_AUTOS = YES_AGGRESSIVE;
				GCC_WARN_UNUSED_FUNCTION = YES;
				GCC_WARN_UNUSED_VARIABLE = YES;
				IPHONEOS_DEPLOYMENT_TARGET = 9.3;
				MTL_ENABLE_DEBUG_INFO = NO;
				SDKROOT = iphoneos;
				TARGETED_DEVICE_FAMILY = "1,2";
				VALIDATE_PRODUCT = YES;
			};
			name = Release;
		};
		A42D68121DB85EF800A8A2AE /* Debug */ = {
			isa = XCBuildConfiguration;
			baseConfigurationReference = 9CB3EE620BD0E4BA277E425A /* Pods-DatingApp.debug.xcconfig */;
			buildSettings = {
				ASSETCATALOG_COMPILER_APPICON_NAME = AppIcon;
				INFOPLIST_FILE = DatingApp/Info.plist;
				LD_RUNPATH_SEARCH_PATHS = "$(inherited) @executable_path/Frameworks";
				PRODUCT_BUNDLE_IDENTIFIER = "Bryan-Lee.DatingApp";
				PRODUCT_NAME = "$(TARGET_NAME)";
			};
			name = Debug;
		};
		A42D68131DB85EF800A8A2AE /* Release */ = {
			isa = XCBuildConfiguration;
			baseConfigurationReference = 87EE90747E2983F2CA5E081F /* Pods-DatingApp.release.xcconfig */;
			buildSettings = {
				ASSETCATALOG_COMPILER_APPICON_NAME = AppIcon;
				INFOPLIST_FILE = DatingApp/Info.plist;
				LD_RUNPATH_SEARCH_PATHS = "$(inherited) @executable_path/Frameworks";
				PRODUCT_BUNDLE_IDENTIFIER = "Bryan-Lee.DatingApp";
				PRODUCT_NAME = "$(TARGET_NAME)";
			};
			name = Release;
		};
		A42D68151DB85EF800A8A2AE /* Debug */ = {
			isa = XCBuildConfiguration;
			baseConfigurationReference = 15314F702263C26074157FDB /* Pods-DatingAppTests.debug.xcconfig */;
			buildSettings = {
				BUNDLE_LOADER = "$(TEST_HOST)";
				INFOPLIST_FILE = DatingAppTests/Info.plist;
				LD_RUNPATH_SEARCH_PATHS = "$(inherited) @executable_path/Frameworks @loader_path/Frameworks";
				PRODUCT_BUNDLE_IDENTIFIER = "Bryan-Lee.DatingAppTests";
				PRODUCT_NAME = "$(TARGET_NAME)";
				TEST_HOST = "$(BUILT_PRODUCTS_DIR)/DatingApp.app/DatingApp";
			};
			name = Debug;
		};
		A42D68161DB85EF800A8A2AE /* Release */ = {
			isa = XCBuildConfiguration;
			baseConfigurationReference = CDC5ED2D35A5AE562AF18D29 /* Pods-DatingAppTests.release.xcconfig */;
			buildSettings = {
				BUNDLE_LOADER = "$(TEST_HOST)";
				INFOPLIST_FILE = DatingAppTests/Info.plist;
				LD_RUNPATH_SEARCH_PATHS = "$(inherited) @executable_path/Frameworks @loader_path/Frameworks";
				PRODUCT_BUNDLE_IDENTIFIER = "Bryan-Lee.DatingAppTests";
				PRODUCT_NAME = "$(TARGET_NAME)";
				TEST_HOST = "$(BUILT_PRODUCTS_DIR)/DatingApp.app/DatingApp";
			};
			name = Release;
		};
		A42D68181DB85EF800A8A2AE /* Debug */ = {
			isa = XCBuildConfiguration;
			baseConfigurationReference = 44665E14A2B43FAA872E266C /* Pods-DatingAppUITests.debug.xcconfig */;
			buildSettings = {
				INFOPLIST_FILE = DatingAppUITests/Info.plist;
				LD_RUNPATH_SEARCH_PATHS = "$(inherited) @executable_path/Frameworks @loader_path/Frameworks";
				PRODUCT_BUNDLE_IDENTIFIER = "Bryan-Lee.DatingAppUITests";
				PRODUCT_NAME = "$(TARGET_NAME)";
				TEST_TARGET_NAME = DatingApp;
			};
			name = Debug;
		};
		A42D68191DB85EF800A8A2AE /* Release */ = {
			isa = XCBuildConfiguration;
			baseConfigurationReference = 1BCBF433F4F9A553F11D3F62 /* Pods-DatingAppUITests.release.xcconfig */;
			buildSettings = {
				INFOPLIST_FILE = DatingAppUITests/Info.plist;
				LD_RUNPATH_SEARCH_PATHS = "$(inherited) @executable_path/Frameworks @loader_path/Frameworks";
				PRODUCT_BUNDLE_IDENTIFIER = "Bryan-Lee.DatingAppUITests";
				PRODUCT_NAME = "$(TARGET_NAME)";
				TEST_TARGET_NAME = DatingApp;
			};
			name = Release;
		};
/* End XCBuildConfiguration section */

/* Begin XCConfigurationList section */
		A42D67E41DB85EF800A8A2AE /* Build configuration list for PBXProject "DatingApp" */ = {
			isa = XCConfigurationList;
			buildConfigurations = (
				A42D680F1DB85EF800A8A2AE /* Debug */,
				A42D68101DB85EF800A8A2AE /* Release */,
			);
			defaultConfigurationIsVisible = 0;
			defaultConfigurationName = Release;
		};
		A42D68111DB85EF800A8A2AE /* Build configuration list for PBXNativeTarget "DatingApp" */ = {
			isa = XCConfigurationList;
			buildConfigurations = (
				A42D68121DB85EF800A8A2AE /* Debug */,
				A42D68131DB85EF800A8A2AE /* Release */,
			);
			defaultConfigurationIsVisible = 0;
			defaultConfigurationName = Release;
		};
		A42D68141DB85EF800A8A2AE /* Build configuration list for PBXNativeTarget "DatingAppTests" */ = {
			isa = XCConfigurationList;
			buildConfigurations = (
				A42D68151DB85EF800A8A2AE /* Debug */,
				A42D68161DB85EF800A8A2AE /* Release */,
			);
			defaultConfigurationIsVisible = 0;
			defaultConfigurationName = Release;
		};
		A42D68171DB85EF800A8A2AE /* Build configuration list for PBXNativeTarget "DatingAppUITests" */ = {
			isa = XCConfigurationList;
			buildConfigurations = (
				A42D68181DB85EF800A8A2AE /* Debug */,
				A42D68191DB85EF800A8A2AE /* Release */,
			);
			defaultConfigurationIsVisible = 0;
			defaultConfigurationName = Release;
		};
/* End XCConfigurationList section */
	};
	rootObject = A42D67E11DB85EF800A8A2AE /* Project object */;
}
